
Microsoft Visual Studio Solution File, Format Version 12.00
# Visual Studio Version 16
VisualStudioVersion = 16.0.32228.343
MinimumVisualStudioVersion = 10.0.40219.1
Project("{FAE04EC0-301F-11D3-BF4B-00C04F79EFBC}") = "TradingDayDal", "TradingDayDal\TradingDayDal.csproj", "{4A41B0C3-AEB2-4E8A-AC67-85D6EF65AFB5}"
EndProject
Project("{FAE04EC0-301F-11D3-BF4B-00C04F79EFBC}") = "TradingDayDalUnitTests", "TradingDayDalUnitTests\TradingDayDalUnitTests.csproj", "{82115EB8-9946-4B72-9386-5E661546553F}"
EndProject
Global
	GlobalSection(SolutionConfigurationPlatforms) = preSolution
		Debug|Any CPU = Debug|Any CPU
		Release|Any CPU = Release|Any CPU
	EndGlobalSection
	GlobalSection(ProjectConfigurationPlatforms) = postSolution
		{4A41B0C3-AEB2-4E8A-AC67-85D6EF65AFB5}.Debug|Any CPU.ActiveCfg = Debug|Any CPU
		{4A41B0C3-AEB2-4E8A-AC67-85D6EF65AFB5}.Debug|Any CPU.Build.0 = Debug|Any CPU
		{4A41B0C3-AEB2-4E8A-AC67-85D6EF65AFB5}.Release|Any CPU.ActiveCfg = Release|Any CPU
		{4A41B0C3-AEB2-4E8A-AC67-85D6EF65AFB5}.Release|Any CPU.Build.0 = Release|Any CPU
		{82115EB8-9946-4B72-9386-5E661546553F}.Debug|Any CPU.ActiveCfg = Debug|Any CPU
		{82115EB8-9946-4B72-9386-5E661546553F}.Debug|Any CPU.Build.0 = Debug|Any CPU
		{82115EB8-9946-4B72-9386-5E661546553F}.Release|Any CPU.ActiveCfg = Release|Any CPU
		{82115EB8-9946-4B72-9386-5E661546553F}.Release|Any CPU.Build.0 = Release|Any CPU
	EndGlobalSection
	GlobalSection(SolutionProperties) = preSolution
		HideSolutionNode = FALSE
	EndGlobalSection
	GlobalSection(ExtensibilityGlobals) = postSolution
		SolutionGuid = {07C9D0A0-83A1-4B76-8066-4CF94B765CC2}
	EndGlobalSection
EndGlobal
