
Microsoft Visual Studio Solution File, Format Version 12.00
# Visual Studio Version 16
VisualStudioVersion = 16.0.32126.315
MinimumVisualStudioVersion = 10.0.40219.1
Project("{FAE04EC0-301F-11D3-BF4B-00C04F79EFBC}") = "EierfamBl", "EierfamBl\EierfamBl.csproj", "{9A2DA8CE-1D04-459A-B9B2-F2FA6C49F267}"
EndProject
Project("{FAE04EC0-301F-11D3-BF4B-00C04F79EFBC}") = "EierfarmGui", "EierfarmGui\EierfarmGui.csproj", "{56E12EB2-88D0-45FF-B039-22B2FE9AB719}"
EndProject
Global
	GlobalSection(SolutionConfigurationPlatforms) = preSolution
		Debug|Any CPU = Debug|Any CPU
		Release|Any CPU = Release|Any CPU
	EndGlobalSection
	GlobalSection(ProjectConfigurationPlatforms) = postSolution
		{9A2DA8CE-1D04-459A-B9B2-F2FA6C49F267}.Debug|Any CPU.ActiveCfg = Debug|Any CPU
		{9A2DA8CE-1D04-459A-B9B2-F2FA6C49F267}.Debug|Any CPU.Build.0 = Debug|Any CPU
		{9A2DA8CE-1D04-459A-B9B2-F2FA6C49F267}.Release|Any CPU.ActiveCfg = Release|Any CPU
		{9A2DA8CE-1D04-459A-B9B2-F2FA6C49F267}.Release|Any CPU.Build.0 = Release|Any CPU
		{56E12EB2-88D0-45FF-B039-22B2FE9AB719}.Debug|Any CPU.ActiveCfg = Debug|Any CPU
		{56E12EB2-88D0-45FF-B039-22B2FE9AB719}.Debug|Any CPU.Build.0 = Debug|Any CPU
		{56E12EB2-88D0-45FF-B039-22B2FE9AB719}.Release|Any CPU.ActiveCfg = Release|Any CPU
		{56E12EB2-88D0-45FF-B039-22B2FE9AB719}.Release|Any CPU.Build.0 = Release|Any CPU
	EndGlobalSection
	GlobalSection(SolutionProperties) = preSolution
		HideSolutionNode = FALSE
	EndGlobalSection
	GlobalSection(ExtensibilityGlobals) = postSolution
		SolutionGuid = {6C6139FC-AEF9-4A7E-B7F2-BCDEB9DA5EDA}
	EndGlobalSection
EndGlobal
