
Microsoft Visual Studio Solution File, Format Version 12.00
# Visual Studio Version 16
VisualStudioVersion = 16.0.32228.343
MinimumVisualStudioVersion = 10.0.40219.1
Project("{FAE04EC0-301F-11D3-BF4B-00C04F79EFBC}") = "Zahlenraten", "Zahlenraten\Zahlenraten.csproj", "{A8C4A6FB-62E5-4F75-A963-6685AA5AC0E1}"
EndProject
Global
	GlobalSection(SolutionConfigurationPlatforms) = preSolution
		Debug|Any CPU = Debug|Any CPU
		Release|Any CPU = Release|Any CPU
	EndGlobalSection
	GlobalSection(ProjectConfigurationPlatforms) = postSolution
		{A8C4A6FB-62E5-4F75-A963-6685AA5AC0E1}.Debug|Any CPU.ActiveCfg = Debug|Any CPU
		{A8C4A6FB-62E5-4F75-A963-6685AA5AC0E1}.Debug|Any CPU.Build.0 = Debug|Any CPU
		{A8C4A6FB-62E5-4F75-A963-6685AA5AC0E1}.Release|Any CPU.ActiveCfg = Release|Any CPU
		{A8C4A6FB-62E5-4F75-A963-6685AA5AC0E1}.Release|Any CPU.Build.0 = Release|Any CPU
	EndGlobalSection
	GlobalSection(SolutionProperties) = preSolution
		HideSolutionNode = FALSE
	EndGlobalSection
	GlobalSection(ExtensibilityGlobals) = postSolution
		SolutionGuid = {E6BEF6B0-663E-4930-B2EE-75813C9C581E}
	EndGlobalSection
EndGlobal
